
Microsoft Visual Studio Solution File, Format Version 12.00
# Visual Studio Version 16
VisualStudioVersion = 16.0.31729.503
MinimumVisualStudioVersion = 10.0.40219.1
Project("{9A19103F-16F7-4668-BE54-9A1E7A4F7556}") = "Catalog.API", "Catalog.API\Catalog.API.csproj", "{C4A1598C-5022-4B15-8BE1-9420D3EDE84E}"
EndProject
Project("{E53339B2-1760-4266-BCC7-CA923CBCF16C}") = "docker-compose", "docker-compose.dcproj", "{17A65490-9EAD-4A3B-A0D0-D0F59A58F100}"
EndProject
Project("{9A19103F-16F7-4668-BE54-9A1E7A4F7556}") = "Basket.API", "Basket.API\Basket.API.csproj", "{CAA492FF-51E5-4909-863F-B0F5AADF957F}"
EndProject
Project("{9A19103F-16F7-4668-BE54-9A1E7A4F7556}") = "Discount.API", "Discount.API\Discount.API.csproj", "{F578993D-0A5F-47C2-8DB3-2A19469D22B3}"
EndProject
Project("{9A19103F-16F7-4668-BE54-9A1E7A4F7556}") = "Discount.Grpc", "Discount.Grpc\Discount.Grpc.csproj", "{4A1A5E8E-68F2-40A6-A3DA-FDDDBB57851B}"
EndProject
Project("{9A19103F-16F7-4668-BE54-9A1E7A4F7556}") = "Gateway.API", "Gateway.API\Gateway.API.csproj", "{936ED5A4-8EC7-4833-BBCC-E3841E6FACD3}"
EndProject
Global
	GlobalSection(SolutionConfigurationPlatforms) = preSolution
		Debug|Any CPU = Debug|Any CPU
		Release|Any CPU = Release|Any CPU
	EndGlobalSection
	GlobalSection(ProjectConfigurationPlatforms) = postSolution
		{C4A1598C-5022-4B15-8BE1-9420D3EDE84E}.Debug|Any CPU.ActiveCfg = Debug|Any CPU
		{C4A1598C-5022-4B15-8BE1-9420D3EDE84E}.Debug|Any CPU.Build.0 = Debug|Any CPU
		{C4A1598C-5022-4B15-8BE1-9420D3EDE84E}.Release|Any CPU.ActiveCfg = Release|Any CPU
		{C4A1598C-5022-4B15-8BE1-9420D3EDE84E}.Release|Any CPU.Build.0 = Release|Any CPU
		{17A65490-9EAD-4A3B-A0D0-D0F59A58F100}.Debug|Any CPU.ActiveCfg = Debug|Any CPU
		{17A65490-9EAD-4A3B-A0D0-D0F59A58F100}.Debug|Any CPU.Build.0 = Debug|Any CPU
		{17A65490-9EAD-4A3B-A0D0-D0F59A58F100}.Release|Any CPU.ActiveCfg = Release|Any CPU
		{17A65490-9EAD-4A3B-A0D0-D0F59A58F100}.Release|Any CPU.Build.0 = Release|Any CPU
		{CAA492FF-51E5-4909-863F-B0F5AADF957F}.Debug|Any CPU.ActiveCfg = Debug|Any CPU
		{CAA492FF-51E5-4909-863F-B0F5AADF957F}.Debug|Any CPU.Build.0 = Debug|Any CPU
		{CAA492FF-51E5-4909-863F-B0F5AADF957F}.Release|Any CPU.ActiveCfg = Release|Any CPU
		{CAA492FF-51E5-4909-863F-B0F5AADF957F}.Release|Any CPU.Build.0 = Release|Any CPU
		{F578993D-0A5F-47C2-8DB3-2A19469D22B3}.Debug|Any CPU.ActiveCfg = Debug|Any CPU
		{F578993D-0A5F-47C2-8DB3-2A19469D22B3}.Debug|Any CPU.Build.0 = Debug|Any CPU
		{F578993D-0A5F-47C2-8DB3-2A19469D22B3}.Release|Any CPU.ActiveCfg = Release|Any CPU
		{F578993D-0A5F-47C2-8DB3-2A19469D22B3}.Release|Any CPU.Build.0 = Release|Any CPU
		{4A1A5E8E-68F2-40A6-A3DA-FDDDBB57851B}.Debug|Any CPU.ActiveCfg = Debug|Any CPU
		{4A1A5E8E-68F2-40A6-A3DA-FDDDBB57851B}.Debug|Any CPU.Build.0 = Debug|Any CPU
		{4A1A5E8E-68F2-40A6-A3DA-FDDDBB57851B}.Release|Any CPU.ActiveCfg = Release|Any CPU
		{4A1A5E8E-68F2-40A6-A3DA-FDDDBB57851B}.Release|Any CPU.Build.0 = Release|Any CPU
		{936ED5A4-8EC7-4833-BBCC-E3841E6FACD3}.Debug|Any CPU.ActiveCfg = Debug|Any CPU
		{936ED5A4-8EC7-4833-BBCC-E3841E6FACD3}.Debug|Any CPU.Build.0 = Debug|Any CPU
		{936ED5A4-8EC7-4833-BBCC-E3841E6FACD3}.Release|Any CPU.ActiveCfg = Release|Any CPU
		{936ED5A4-8EC7-4833-BBCC-E3841E6FACD3}.Release|Any CPU.Build.0 = Release|Any CPU
	EndGlobalSection
	GlobalSection(SolutionProperties) = preSolution
		HideSolutionNode = FALSE
	EndGlobalSection
	GlobalSection(ExtensibilityGlobals) = postSolution
		SolutionGuid = {28654C0A-E786-44D3-A7F7-FE35D0C6E6FD}
	EndGlobalSection
EndGlobal
